// !$*UTF8*$!
{
	archiveVersion = 1;
	classes = {
	};
	objectVersion = 50;
	objects = {

/* Begin PBXBuildFile section */
		92321B0A23745E0000F4DE49 /* Experience.swift in Sources */ = {isa = PBXBuildFile; fileRef = 92321B0923745E0000F4DE49 /* Experience.swift */; };
		92321B0E237488CD00F4DE49 /* ExperienceDetailsViewController.swift in Sources */ = {isa = PBXBuildFile; fileRef = 92321B0D237488CD00F4DE49 /* ExperienceDetailsViewController.swift */; };
		92E1E1B32372F1A800DC56CD /* ExperienceTableViewController.swift in Sources */ = {isa = PBXBuildFile; fileRef = 92E1E1B22372F1A800DC56CD /* ExperienceTableViewController.swift */; };
		92E1E1B52372F77B00DC56CD /* ExperienceTableViewCell.swift in Sources */ = {isa = PBXBuildFile; fileRef = 92E1E1B42372F77B00DC56CD /* ExperienceTableViewCell.swift */; };
		92F9668223698E5C00196BC4 /* AppDelegate.swift in Sources */ = {isa = PBXBuildFile; fileRef = 92F9668123698E5C00196BC4 /* AppDelegate.swift */; };
		92F9668423698E5C00196BC4 /* SceneDelegate.swift in Sources */ = {isa = PBXBuildFile; fileRef = 92F9668323698E5C00196BC4 /* SceneDelegate.swift */; };
		92F9668623698E5C00196BC4 /* ViewController.swift in Sources */ = {isa = PBXBuildFile; fileRef = 92F9668523698E5C00196BC4 /* ViewController.swift */; };
		92F9668923698E5C00196BC4 /* Main.storyboard in Resources */ = {isa = PBXBuildFile; fileRef = 92F9668723698E5C00196BC4 /* Main.storyboard */; };
		92F9668B23698E5D00196BC4 /* Assets.xcassets in Resources */ = {isa = PBXBuildFile; fileRef = 92F9668A23698E5D00196BC4 /* Assets.xcassets */; };
		92F9668E23698E5D00196BC4 /* LaunchScreen.storyboard in Resources */ = {isa = PBXBuildFile; fileRef = 92F9668C23698E5D00196BC4 /* LaunchScreen.storyboard */; };
		92F9669923698E5D00196BC4 /* Laboration2Tests.swift in Sources */ = {isa = PBXBuildFile; fileRef = 92F9669823698E5D00196BC4 /* Laboration2Tests.swift */; };
		92F966A423698E5D00196BC4 /* Laboration2UITests.swift in Sources */ = {isa = PBXBuildFile; fileRef = 92F966A323698E5D00196BC4 /* Laboration2UITests.swift */; };
/* End PBXBuildFile section */

/* Begin PBXContainerItemProxy section */
		92F9669523698E5D00196BC4 /* PBXContainerItemProxy */ = {
			isa = PBXContainerItemProxy;
			containerPortal = 92F9667623698E5C00196BC4 /* Project object */;
			proxyType = 1;
			remoteGlobalIDString = 92F9667D23698E5C00196BC4;
			remoteInfo = Laboration2;
		};
		92F966A023698E5D00196BC4 /* PBXContainerItemProxy */ = {
			isa = PBXContainerItemProxy;
			containerPortal = 92F9667623698E5C00196BC4 /* Project object */;
			proxyType = 1;
			remoteGlobalIDString = 92F9667D23698E5C00196BC4;
			remoteInfo = Laboration2;
		};
/* End PBXContainerItemProxy section */

/* Begin PBXFileReference section */
		92321B0923745E0000F4DE49 /* Experience.swift */ = {isa = PBXFileReference; lastKnownFileType = sourcecode.swift; path = Experience.swift; sourceTree = "<group>"; };
		92321B0D237488CD00F4DE49 /* ExperienceDetailsViewController.swift */ = {isa = PBXFileReference; lastKnownFileType = sourcecode.swift; path = ExperienceDetailsViewController.swift; sourceTree = "<group>"; };
		92E1E1B22372F1A800DC56CD /* ExperienceTableViewController.swift */ = {isa = PBXFileReference; lastKnownFileType = sourcecode.swift; path = ExperienceTableViewController.swift; sourceTree = "<group>"; };
		92E1E1B42372F77B00DC56CD /* ExperienceTableViewCell.swift */ = {isa = PBXFileReference; lastKnownFileType = sourcecode.swift; path = ExperienceTableViewCell.swift; sourceTree = "<group>"; };
		92F9667E23698E5C00196BC4 /* Laboration2.app */ = {isa = PBXFileReference; explicitFileType = wrapper.application; includeInIndex = 0; path = Laboration2.app; sourceTree = BUILT_PRODUCTS_DIR; };
		92F9668123698E5C00196BC4 /* AppDelegate.swift */ = {isa = PBXFileReference; lastKnownFileType = sourcecode.swift; path = AppDelegate.swift; sourceTree = "<group>"; };
		92F9668323698E5C00196BC4 /* SceneDelegate.swift */ = {isa = PBXFileReference; lastKnownFileType = sourcecode.swift; path = SceneDelegate.swift; sourceTree = "<group>"; };
		92F9668523698E5C00196BC4 /* ViewController.swift */ = {isa = PBXFileReference; lastKnownFileType = sourcecode.swift; path = ViewController.swift; sourceTree = "<group>"; };
		92F9668823698E5C00196BC4 /* Base */ = {isa = PBXFileReference; lastKnownFileType = file.storyboard; name = Base; path = Base.lproj/Main.storyboard; sourceTree = "<group>"; };
		92F9668A23698E5D00196BC4 /* Assets.xcassets */ = {isa = PBXFileReference; lastKnownFileType = folder.assetcatalog; path = Assets.xcassets; sourceTree = "<group>"; };
		92F9668D23698E5D00196BC4 /* Base */ = {isa = PBXFileReference; lastKnownFileType = file.storyboard; name = Base; path = Base.lproj/LaunchScreen.storyboard; sourceTree = "<group>"; };
		92F9668F23698E5D00196BC4 /* Info.plist */ = {isa = PBXFileReference; lastKnownFileType = text.plist.xml; path = Info.plist; sourceTree = "<group>"; };
		92F9669423698E5D00196BC4 /* Laboration2Tests.xctest */ = {isa = PBXFileReference; explicitFileType = wrapper.cfbundle; includeInIndex = 0; path = Laboration2Tests.xctest; sourceTree = BUILT_PRODUCTS_DIR; };
		92F9669823698E5D00196BC4 /* Laboration2Tests.swift */ = {isa = PBXFileReference; lastKnownFileType = sourcecode.swift; path = Laboration2Tests.swift; sourceTree = "<group>"; };
		92F9669A23698E5D00196BC4 /* Info.plist */ = {isa = PBXFileReference; lastKnownFileType = text.plist.xml; path = Info.plist; sourceTree = "<group>"; };
		92F9669F23698E5D00196BC4 /* Laboration2UITests.xctest */ = {isa = PBXFileReference; explicitFileType = wrapper.cfbundle; includeInIndex = 0; path = Laboration2UITests.xctest; sourceTree = BUILT_PRODUCTS_DIR; };
		92F966A323698E5D00196BC4 /* Laboration2UITests.swift */ = {isa = PBXFileReference; lastKnownFileType = sourcecode.swift; path = Laboration2UITests.swift; sourceTree = "<group>"; };
		92F966A523698E5D00196BC4 /* Info.plist */ = {isa = PBXFileReference; lastKnownFileType = text.plist.xml; path = Info.plist; sourceTree = "<group>"; };
/* End PBXFileReference section */

/* Begin PBXFrameworksBuildPhase section */
		92F9667B23698E5C00196BC4 /* Frameworks */ = {
			isa = PBXFrameworksBuildPhase;
			buildActionMask = 2147483647;
			files = (
			);
			runOnlyForDeploymentPostprocessing = 0;
		};
		92F9669123698E5D00196BC4 /* Frameworks */ = {
			isa = PBXFrameworksBuildPhase;
			buildActionMask = 2147483647;
			files = (
			);
			runOnlyForDeploymentPostprocessing = 0;
		};
		92F9669C23698E5D00196BC4 /* Frameworks */ = {
			isa = PBXFrameworksBuildPhase;
			buildActionMask = 2147483647;
			files = (
			);
			runOnlyForDeploymentPostprocessing = 0;
		};
/* End PBXFrameworksBuildPhase section */

/* Begin PBXGroup section */
		92F9667523698E5C00196BC4 = {
			isa = PBXGroup;
			children = (
				92F9668023698E5C00196BC4 /* Laboration2 */,
				92F9669723698E5D00196BC4 /* Laboration2Tests */,
				92F966A223698E5D00196BC4 /* Laboration2UITests */,
				92F9667F23698E5C00196BC4 /* Products */,
			);
			sourceTree = "<group>";
		};
		92F9667F23698E5C00196BC4 /* Products */ = {
			isa = PBXGroup;
			children = (
				92F9667E23698E5C00196BC4 /* Laboration2.app */,
				92F9669423698E5D00196BC4 /* Laboration2Tests.xctest */,
				92F9669F23698E5D00196BC4 /* Laboration2UITests.xctest */,
			);
			name = Products;
			sourceTree = "<group>";
		};
		92F9668023698E5C00196BC4 /* Laboration2 */ = {
			isa = PBXGroup;
			children = (
				92F9668123698E5C00196BC4 /* AppDelegate.swift */,
				92F9668323698E5C00196BC4 /* SceneDelegate.swift */,
				92F9668523698E5C00196BC4 /* ViewController.swift */,
				92F9668723698E5C00196BC4 /* Main.storyboard */,
				92321B0D237488CD00F4DE49 /* ExperienceDetailsViewController.swift */,
				92E1E1B22372F1A800DC56CD /* ExperienceTableViewController.swift */,
				92321B0923745E0000F4DE49 /* Experience.swift */,
				92E1E1B42372F77B00DC56CD /* ExperienceTableViewCell.swift */,
				92F9668A23698E5D00196BC4 /* Assets.xcassets */,
				92F9668C23698E5D00196BC4 /* LaunchScreen.storyboard */,
				92F9668F23698E5D00196BC4 /* Info.plist */,
			);
			path = Laboration2;
			sourceTree = "<group>";
		};
		92F9669723698E5D00196BC4 /* Laboration2Tests */ = {
			isa = PBXGroup;
			children = (
				92F9669823698E5D00196BC4 /* Laboration2Tests.swift */,
				92F9669A23698E5D00196BC4 /* Info.plist */,
			);
			path = Laboration2Tests;
			sourceTree = "<group>";
		};
		92F966A223698E5D00196BC4 /* Laboration2UITests */ = {
			isa = PBXGroup;
			children = (
				92F966A323698E5D00196BC4 /* Laboration2UITests.swift */,
				92F966A523698E5D00196BC4 /* Info.plist */,
			);
			path = Laboration2UITests;
			sourceTree = "<group>";
		};
/* End PBXGroup section */

/* Begin PBXNativeTarget section */
		92F9667D23698E5C00196BC4 /* Laboration2 */ = {
			isa = PBXNativeTarget;
			buildConfigurationList = 92F966A823698E5D00196BC4 /* Build configuration list for PBXNativeTarget "Laboration2" */;
			buildPhases = (
				92F9667A23698E5C00196BC4 /* Sources */,
				92F9667B23698E5C00196BC4 /* Frameworks */,
				92F9667C23698E5C00196BC4 /* Resources */,
			);
			buildRules = (
			);
			dependencies = (
			);
			name = Laboration2;
			productName = Laboration2;
			productReference = 92F9667E23698E5C00196BC4 /* Laboration2.app */;
			productType = "com.apple.product-type.application";
		};
		92F9669323698E5D00196BC4 /* Laboration2Tests */ = {
			isa = PBXNativeTarget;
			buildConfigurationList = 92F966AB23698E5D00196BC4 /* Build configuration list for PBXNativeTarget "Laboration2Tests" */;
			buildPhases = (
				92F9669023698E5D00196BC4 /* Sources */,
				92F9669123698E5D00196BC4 /* Frameworks */,
				92F9669223698E5D00196BC4 /* Resources */,
			);
			buildRules = (
			);
			dependencies = (
				92F9669623698E5D00196BC4 /* PBXTargetDependency */,
			);
			name = Laboration2Tests;
			productName = Laboration2Tests;
			productReference = 92F9669423698E5D00196BC4 /* Laboration2Tests.xctest */;
			productType = "com.apple.product-type.bundle.unit-test";
		};
		92F9669E23698E5D00196BC4 /* Laboration2UITests */ = {
			isa = PBXNativeTarget;
			buildConfigurationList = 92F966AE23698E5D00196BC4 /* Build configuration list for PBXNativeTarget "Laboration2UITests" */;
			buildPhases = (
				92F9669B23698E5D00196BC4 /* Sources */,
				92F9669C23698E5D00196BC4 /* Frameworks */,
				92F9669D23698E5D00196BC4 /* Resources */,
			);
			buildRules = (
			);
			dependencies = (
				92F966A123698E5D00196BC4 /* PBXTargetDependency */,
			);
			name = Laboration2UITests;
			productName = Laboration2UITests;
			productReference = 92F9669F23698E5D00196BC4 /* Laboration2UITests.xctest */;
			productType = "com.apple.product-type.bundle.ui-testing";
		};
/* End PBXNativeTarget section */

/* Begin PBXProject section */
		92F9667623698E5C00196BC4 /* Project object */ = {
			isa = PBXProject;
			attributes = {
				LastSwiftUpdateCheck = 1100;
				LastUpgradeCheck = 1100;
				ORGANIZATIONNAME = "Andreas Malmström";
				TargetAttributes = {
					92F9667D23698E5C00196BC4 = {
						CreatedOnToolsVersion = 11.0;
					};
					92F9669323698E5D00196BC4 = {
						CreatedOnToolsVersion = 11.0;
						TestTargetID = 92F9667D23698E5C00196BC4;
					};
					92F9669E23698E5D00196BC4 = {
						CreatedOnToolsVersion = 11.0;
						TestTargetID = 92F9667D23698E5C00196BC4;
					};
				};
			};
			buildConfigurationList = 92F9667923698E5C00196BC4 /* Build configuration list for PBXProject "Laboration2" */;
			compatibilityVersion = "Xcode 9.3";
			developmentRegion = en;
			hasScannedForEncodings = 0;
			knownRegions = (
				en,
				Base,
			);
			mainGroup = 92F9667523698E5C00196BC4;
			productRefGroup = 92F9667F23698E5C00196BC4 /* Products */;
			projectDirPath = "";
			projectRoot = "";
			targets = (
				92F9667D23698E5C00196BC4 /* Laboration2 */,
				92F9669323698E5D00196BC4 /* Laboration2Tests */,
				92F9669E23698E5D00196BC4 /* Laboration2UITests */,
			);
		};
/* End PBXProject section */

/* Begin PBXResourcesBuildPhase section */
		92F9667C23698E5C00196BC4 /* Resources */ = {
			isa = PBXResourcesBuildPhase;
			buildActionMask = 2147483647;
			files = (
				92F9668E23698E5D00196BC4 /* LaunchScreen.storyboard in Resources */,
				92F9668B23698E5D00196BC4 /* Assets.xcassets in Resources */,
				92F9668923698E5C00196BC4 /* Main.storyboard in Resources */,
			);
			runOnlyForDeploymentPostprocessing = 0;
		};
		92F9669223698E5D00196BC4 /* Resources */ = {
			isa = PBXResourcesBuildPhase;
			buildActionMask = 2147483647;
			files = (
			);
			runOnlyForDeploymentPostprocessing = 0;
		};
		92F9669D23698E5D00196BC4 /* Resources */ = {
			isa = PBXResourcesBuildPhase;
			buildActionMask = 2147483647;
			files = (
			);
			runOnlyForDeploymentPostprocessing = 0;
		};
/* End PBXResourcesBuildPhase section */

/* Begin PBXSourcesBuildPhase section */
		92F9667A23698E5C00196BC4 /* Sources */ = {
			isa = PBXSourcesBuildPhase;
			buildActionMask = 2147483647;
			files = (
				92F9668623698E5C00196BC4 /* ViewController.swift in Sources */,
				92E1E1B32372F1A800DC56CD /* ExperienceTableViewController.swift in Sources */,
				92E1E1B52372F77B00DC56CD /* ExperienceTableViewCell.swift in Sources */,
				92321B0A23745E0000F4DE49 /* Experience.swift in Sources */,
				92F9668223698E5C00196BC4 /* AppDelegate.swift in Sources */,
				92321B0E237488CD00F4DE49 /* ExperienceDetailsViewController.swift in Sources */,
				92F9668423698E5C00196BC4 /* SceneDelegate.swift in Sources */,
			);
			runOnlyForDeploymentPostprocessing = 0;
		};
		92F9669023698E5D00196BC4 /* Sources */ = {
			isa = PBXSourcesBuildPhase;
			buildActionMask = 2147483647;
			files = (
				92F9669923698E5D00196BC4 /* Laboration2Tests.swift in Sources */,
			);
			runOnlyForDeploymentPostprocessing = 0;
		};
		92F9669B23698E5D00196BC4 /* Sources */ = {
			isa = PBXSourcesBuildPhase;
			buildActionMask = 2147483647;
			files = (
				92F966A423698E5D00196BC4 /* Laboration2UITests.swift in Sources */,
			);
			runOnlyForDeploymentPostprocessing = 0;
		};
/* End PBXSourcesBuildPhase section */

/* Begin PBXTargetDependency section */
		92F9669623698E5D00196BC4 /* PBXTargetDependency */ = {
			isa = PBXTargetDependency;
			target = 92F9667D23698E5C00196BC4 /* Laboration2 */;
			targetProxy = 92F9669523698E5D00196BC4 /* PBXContainerItemProxy */;
		};
		92F966A123698E5D00196BC4 /* PBXTargetDependency */ = {
			isa = PBXTargetDependency;
			target = 92F9667D23698E5C00196BC4 /* Laboration2 */;
			targetProxy = 92F966A023698E5D00196BC4 /* PBXContainerItemProxy */;
		};
/* End PBXTargetDependency section */

/* Begin PBXVariantGroup section */
		92F9668723698E5C00196BC4 /* Main.storyboard */ = {
			isa = PBXVariantGroup;
			children = (
				92F9668823698E5C00196BC4 /* Base */,
			);
			name = Main.storyboard;
			sourceTree = "<group>";
		};
		92F9668C23698E5D00196BC4 /* LaunchScreen.storyboard */ = {
			isa = PBXVariantGroup;
			children = (
				92F9668D23698E5D00196BC4 /* Base */,
			);
			name = LaunchScreen.storyboard;
			sourceTree = "<group>";
		};
/* End PBXVariantGroup section */

/* Begin XCBuildConfiguration section */
		92F966A623698E5D00196BC4 /* Debug */ = {
			isa = XCBuildConfiguration;
			buildSettings = {
				ALWAYS_SEARCH_USER_PATHS = NO;
				CLANG_ANALYZER_NONNULL = YES;
				CLANG_ANALYZER_NUMBER_OBJECT_CONVERSION = YES_AGGRESSIVE;
				CLANG_CXX_LANGUAGE_STANDARD = "gnu++14";
				CLANG_CXX_LIBRARY = "libc++";
				CLANG_ENABLE_MODULES = YES;
				CLANG_ENABLE_OBJC_ARC = YES;
				CLANG_ENABLE_OBJC_WEAK = YES;
				CLANG_WARN_BLOCK_CAPTURE_AUTORELEASING = YES;
				CLANG_WARN_BOOL_CONVERSION = YES;
				CLANG_WARN_COMMA = YES;
				CLANG_WARN_CONSTANT_CONVERSION = YES;
				CLANG_WARN_DEPRECATED_OBJC_IMPLEMENTATIONS = YES;
				CLANG_WARN_DIRECT_OBJC_ISA_USAGE = YES_ERROR;
				CLANG_WARN_DOCUMENTATION_COMMENTS = YES;
				CLANG_WARN_EMPTY_BODY = YES;
				CLANG_WARN_ENUM_CONVERSION = YES;
				CLANG_WARN_INFINITE_RECURSION = YES;
				CLANG_WARN_INT_CONVERSION = YES;
				CLANG_WARN_NON_LITERAL_NULL_CONVERSION = YES;
				CLANG_WARN_OBJC_IMPLICIT_RETAIN_SELF = YES;
				CLANG_WARN_OBJC_LITERAL_CONVERSION = YES;
				CLANG_WARN_OBJC_ROOT_CLASS = YES_ERROR;
				CLANG_WARN_RANGE_LOOP_ANALYSIS = YES;
				CLANG_WARN_STRICT_PROTOTYPES = YES;
				CLANG_WARN_SUSPICIOUS_MOVE = YES;
				CLANG_WARN_UNGUARDED_AVAILABILITY = YES_AGGRESSIVE;
				CLANG_WARN_UNREACHABLE_CODE = YES;
				CLANG_WARN__DUPLICATE_METHOD_MATCH = YES;
				COPY_PHASE_STRIP = NO;
				DEBUG_INFORMATION_FORMAT = dwarf;
				ENABLE_STRICT_OBJC_MSGSEND = YES;
				ENABLE_TESTABILITY = YES;
				GCC_C_LANGUAGE_STANDARD = gnu11;
				GCC_DYNAMIC_NO_PIC = NO;
				GCC_NO_COMMON_BLOCKS = YES;
				GCC_OPTIMIZATION_LEVEL = 0;
				GCC_PREPROCESSOR_DEFINITIONS = (
					"DEBUG=1",
					"$(inherited)",
				);
				GCC_WARN_64_TO_32_BIT_CONVERSION = YES;
				GCC_WARN_ABOUT_RETURN_TYPE = YES_ERROR;
				GCC_WARN_UNDECLARED_SELECTOR = YES;
				GCC_WARN_UNINITIALIZED_AUTOS = YES_AGGRESSIVE;
				GCC_WARN_UNUSED_FUNCTION = YES;
				GCC_WARN_UNUSED_VARIABLE = YES;
				IPHONEOS_DEPLOYMENT_TARGET = 13.0;
				MTL_ENABLE_DEBUG_INFO = INCLUDE_SOURCE;
				MTL_FAST_MATH = YES;
				ONLY_ACTIVE_ARCH = YES;
				SDKROOT = iphoneos;
				SWIFT_ACTIVE_COMPILATION_CONDITIONS = DEBUG;
				SWIFT_OPTIMIZATION_LEVEL = "-Onone";
			};
			name = Debug;
		};
		92F966A723698E5D00196BC4 /* Release */ = {
			isa = XCBuildConfiguration;
			buildSettings = {
				ALWAYS_SEARCH_USER_PATHS = NO;
				CLANG_ANALYZER_NONNULL = YES;
				CLANG_ANALYZER_NUMBER_OBJECT_CONVERSION = YES_AGGRESSIVE;
				CLANG_CXX_LANGUAGE_STANDARD = "gnu++14";
				CLANG_CXX_LIBRARY = "libc++";
				CLANG_ENABLE_MODULES = YES;
				CLANG_ENABLE_OBJC_ARC = YES;
				CLANG_ENABLE_OBJC_WEAK = YES;
				CLANG_WARN_BLOCK_CAPTURE_AUTORELEASING = YES;
				CLANG_WARN_BOOL_CONVERSION = YES;
				CLANG_WARN_COMMA = YES;
				CLANG_WARN_CONSTANT_CONVERSION = YES;
				CLANG_WARN_DEPRECATED_OBJC_IMPLEMENTATIONS = YES;
				CLANG_WARN_DIRECT_OBJC_ISA_USAGE = YES_ERROR;
				CLANG_WARN_DOCUMENTATION_COMMENTS = YES;
				CLANG_WARN_EMPTY_BODY = YES;
				CLANG_WARN_ENUM_CONVERSION = YES;
				CLANG_WARN_INFINITE_RECURSION = YES;
				CLANG_WARN_INT_CONVERSION = YES;
				CLANG_WARN_NON_LITERAL_NULL_CONVERSION = YES;
				CLANG_WARN_OBJC_IMPLICIT_RETAIN_SELF = YES;
				CLANG_WARN_OBJC_LITERAL_CONVERSION = YES;
				CLANG_WARN_OBJC_ROOT_CLASS = YES_ERROR;
				CLANG_WARN_RANGE_LOOP_ANALYSIS = YES;
				CLANG_WARN_STRICT_PROTOTYPES = YES;
				CLANG_WARN_SUSPICIOUS_MOVE = YES;
				CLANG_WARN_UNGUARDED_AVAILABILITY = YES_AGGRESSIVE;
				CLANG_WARN_UNREACHABLE_CODE = YES;
				CLANG_WARN__DUPLICATE_METHOD_MATCH = YES;
				COPY_PHASE_STRIP = NO;
				DEBUG_INFORMATION_FORMAT = "dwarf-with-dsym";
				ENABLE_NS_ASSERTIONS = NO;
				ENABLE_STRICT_OBJC_MSGSEND = YES;
				GCC_C_LANGUAGE_STANDARD = gnu11;
				GCC_NO_COMMON_BLOCKS = YES;
				GCC_WARN_64_TO_32_BIT_CONVERSION = YES;
				GCC_WARN_ABOUT_RETURN_TYPE = YES_ERROR;
				GCC_WARN_UNDECLARED_SELECTOR = YES;
				GCC_WARN_UNINITIALIZED_AUTOS = YES_AGGRESSIVE;
				GCC_WARN_UNUSED_FUNCTION = YES;
				GCC_WARN_UNUSED_VARIABLE = YES;
				IPHONEOS_DEPLOYMENT_TARGET = 13.0;
				MTL_ENABLE_DEBUG_INFO = NO;
				MTL_FAST_MATH = YES;
				SDKROOT = iphoneos;
				SWIFT_COMPILATION_MODE = wholemodule;
				SWIFT_OPTIMIZATION_LEVEL = "-O";
				VALIDATE_PRODUCT = YES;
			};
			name = Release;
		};
		92F966A923698E5D00196BC4 /* Debug */ = {
			isa = XCBuildConfiguration;
			buildSettings = {
				ASSETCATALOG_COMPILER_APPICON_NAME = AppIcon;
				CODE_SIGN_STYLE = Automatic;
				INFOPLIST_FILE = Laboration2/Info.plist;
				LD_RUNPATH_SEARCH_PATHS = (
					"$(inherited)",
					"@executable_path/Frameworks",
				);
				PRODUCT_BUNDLE_IDENTIFIER = com.andreasmalmstrom.Laboration2;
				PRODUCT_NAME = "$(TARGET_NAME)";
				SWIFT_VERSION = 5.0;
				TARGETED_DEVICE_FAMILY = "1,2";
			};
			name = Debug;
		};
		92F966AA23698E5D00196BC4 /* Release */ = {
			isa = XCBuildConfiguration;
			buildSettings = {
				ASSETCATALOG_COMPILER_APPICON_NAME = AppIcon;
				CODE_SIGN_STYLE = Automatic;
				INFOPLIST_FILE = Laboration2/Info.plist;
				LD_RUNPATH_SEARCH_PATHS = (
					"$(inherited)",
					"@executable_path/Frameworks",
				);
				PRODUCT_BUNDLE_IDENTIFIER = com.andreasmalmstrom.Laboration2;
				PRODUCT_NAME = "$(TARGET_NAME)";
				SWIFT_VERSION = 5.0;
				TARGETED_DEVICE_FAMILY = "1,2";
			};
			name = Release;
		};
		92F966AC23698E5D00196BC4 /* Debug */ = {
			isa = XCBuildConfiguration;
			buildSettings = {
				ALWAYS_EMBED_SWIFT_STANDARD_LIBRARIES = YES;
				BUNDLE_LOADER = "$(TEST_HOST)";
				CODE_SIGN_STYLE = Automatic;
				INFOPLIST_FILE = Laboration2Tests/Info.plist;
				IPHONEOS_DEPLOYMENT_TARGET = 13.0;
				LD_RUNPATH_SEARCH_PATHS = (
					"$(inherited)",
					"@executable_path/Frameworks",
					"@loader_path/Frameworks",
				);
				PRODUCT_BUNDLE_IDENTIFIER = com.andreasmalmstrom.Laboration2Tests;
				PRODUCT_NAME = "$(TARGET_NAME)";
				SWIFT_VERSION = 5.0;
				TARGETED_DEVICE_FAMILY = "1,2";
				TEST_HOST = "$(BUILT_PRODUCTS_DIR)/Laboration2.app/Laboration2";
			};
			name = Debug;
		};
		92F966AD23698E5D00196BC4 /* Release */ = {
			isa = XCBuildConfiguration;
			buildSettings = {
				ALWAYS_EMBED_SWIFT_STANDARD_LIBRARIES = YES;
				BUNDLE_LOADER = "$(TEST_HOST)";
				CODE_SIGN_STYLE = Automatic;
				INFOPLIST_FILE = Laboration2Tests/Info.plist;
				IPHONEOS_DEPLOYMENT_TARGET = 13.0;
				LD_RUNPATH_SEARCH_PATHS = (
					"$(inherited)",
					"@executable_path/Frameworks",
					"@loader_path/Frameworks",
				);
				PRODUCT_BUNDLE_IDENTIFIER = com.andreasmalmstrom.Laboration2Tests;
				PRODUCT_NAME = "$(TARGET_NAME)";
				SWIFT_VERSION = 5.0;
				TARGETED_DEVICE_FAMILY = "1,2";
				TEST_HOST = "$(BUILT_PRODUCTS_DIR)/Laboration2.app/Laboration2";
			};
			name = Release;
		};
		92F966AF23698E5D00196BC4 /* Debug */ = {
			isa = XCBuildConfiguration;
			buildSettings = {
				ALWAYS_EMBED_SWIFT_STANDARD_LIBRARIES = YES;
				CODE_SIGN_STYLE = Automatic;
				INFOPLIST_FILE = Laboration2UITests/Info.plist;
				LD_RUNPATH_SEARCH_PATHS = (
					"$(inherited)",
					"@executable_path/Frameworks",
					"@loader_path/Frameworks",
				);
				PRODUCT_BUNDLE_IDENTIFIER = com.andreasmalmstrom.Laboration2UITests;
				PRODUCT_NAME = "$(TARGET_NAME)";
				SWIFT_VERSION = 5.0;
				TARGETED_DEVICE_FAMILY = "1,2";
				TEST_TARGET_NAME = Laboration2;
			};
			name = Debug;
		};
		92F966B023698E5D00196BC4 /* Release */ = {
			isa = XCBuildConfiguration;
			buildSettings = {
				ALWAYS_EMBED_SWIFT_STANDARD_LIBRARIES = YES;
				CODE_SIGN_STYLE = Automatic;
				INFOPLIST_FILE = Laboration2UITests/Info.plist;
				LD_RUNPATH_SEARCH_PATHS = (
					"$(inherited)",
					"@executable_path/Frameworks",
					"@loader_path/Frameworks",
				);
				PRODUCT_BUNDLE_IDENTIFIER = com.andreasmalmstrom.Laboration2UITests;
				PRODUCT_NAME = "$(TARGET_NAME)";
				SWIFT_VERSION = 5.0;
				TARGETED_DEVICE_FAMILY = "1,2";
				TEST_TARGET_NAME = Laboration2;
			};
			name = Release;
		};
/* End XCBuildConfiguration section */

/* Begin XCConfigurationList section */
		92F9667923698E5C00196BC4 /* Build configuration list for PBXProject "Laboration2" */ = {
			isa = XCConfigurationList;
			buildConfigurations = (
				92F966A623698E5D00196BC4 /* Debug */,
				92F966A723698E5D00196BC4 /* Release */,
			);
			defaultConfigurationIsVisible = 0;
			defaultConfigurationName = Release;
		};
		92F966A823698E5D00196BC4 /* Build configuration list for PBXNativeTarget "Laboration2" */ = {
			isa = XCConfigurationList;
			buildConfigurations = (
				92F966A923698E5D00196BC4 /* Debug */,
				92F966AA23698E5D00196BC4 /* Release */,
			);
			defaultConfigurationIsVisible = 0;
			defaultConfigurationName = Release;
		};
		92F966AB23698E5D00196BC4 /* Build configuration list for PBXNativeTarget "Laboration2Tests" */ = {
			isa = XCConfigurationList;
			buildConfigurations = (
				92F966AC23698E5D00196BC4 /* Debug */,
				92F966AD23698E5D00196BC4 /* Release */,
			);
			defaultConfigurationIsVisible = 0;
			defaultConfigurationName = Release;
		};
		92F966AE23698E5D00196BC4 /* Build configuration list for PBXNativeTarget "Laboration2UITests" */ = {
			isa = XCConfigurationList;
			buildConfigurations = (
				92F966AF23698E5D00196BC4 /* Debug */,
				92F966B023698E5D00196BC4 /* Release */,
			);
			defaultConfigurationIsVisible = 0;
			defaultConfigurationName = Release;
		};
/* End XCConfigurationList section */
	};
	rootObject = 92F9667623698E5C00196BC4 /* Project object */;
}
